// !$*UTF8*$!
{
	archiveVersion = 1;
	classes = {
	};
	objectVersion = 46;
	objects = {

/* Begin PBXBuildFile section */
		102099A8D2C0DA652DCCB877 /* libPods.a in Frameworks */ = {isa = PBXBuildFile; fileRef = DA07120AD01F4B8ED12E3109 /* libPods.a */; };
		7DE2F25F1B900ED900F287B7 /* Images.xcassets in Resources */ = {isa = PBXBuildFile; fileRef = 7DE2F25E1B900ED900F287B7 /* Images.xcassets */; };
		7DE2F2621B900ED900F287B7 /* LaunchScreen.xib in Resources */ = {isa = PBXBuildFile; fileRef = 7DE2F2601B900ED900F287B7 /* LaunchScreen.xib */; };
		7DE2F26E1B900ED900F287B7 /* mOne_iOSTests.m in Sources */ = {isa = PBXBuildFile; fileRef = 7DE2F26D1B900ED900F287B7 /* mOne_iOSTests.m */; };
		7DE2F2911B9012E900F287B7 /* AppDelegate.m in Sources */ = {isa = PBXBuildFile; fileRef = 7DE2F28F1B9012E900F287B7 /* AppDelegate.m */; };
		7DE2F2921B9012E900F287B7 /* main.m in Sources */ = {isa = PBXBuildFile; fileRef = 7DE2F2901B9012E900F287B7 /* main.m */; };
		7DE2F2971B902D4600F287B7 /* AppConst.m in Sources */ = {isa = PBXBuildFile; fileRef = 7DE2F2961B902D4600F287B7 /* AppConst.m */; };
		7DE2F29F1B902EBC00F287B7 /* NSString+Extension.m in Sources */ = {isa = PBXBuildFile; fileRef = 7DE2F29A1B902EBC00F287B7 /* NSString+Extension.m */; };
		7DE2F2A01B902EBC00F287B7 /* UIBarButtonItem+Extension.m in Sources */ = {isa = PBXBuildFile; fileRef = 7DE2F29C1B902EBC00F287B7 /* UIBarButtonItem+Extension.m */; };
		7DE2F2A31B902F8A00F287B7 /* Foundation+Log.m in Sources */ = {isa = PBXBuildFile; fileRef = 7DE2F2A21B902F8A00F287B7 /* Foundation+Log.m */; };
		7DE2F2A61B902FAA00F287B7 /* NSTimer+EZ_Helper.m in Sources */ = {isa = PBXBuildFile; fileRef = 7DE2F2A51B902FAA00F287B7 /* NSTimer+EZ_Helper.m */; };
		7DE2F2A91B90300500F287B7 /* UIView+Extension.m in Sources */ = {isa = PBXBuildFile; fileRef = 7DE2F2A81B90300500F287B7 /* UIView+Extension.m */; };
		7DE2F2AD1B9036CB00F287B7 /* JHBaseViewController.m in Sources */ = {isa = PBXBuildFile; fileRef = 7DE2F2AC1B9036CB00F287B7 /* JHBaseViewController.m */; };
		7DE2F2B01B90376800F287B7 /* UIImage+Extension.m in Sources */ = {isa = PBXBuildFile; fileRef = 7DE2F2AF1B90376800F287B7 /* UIImage+Extension.m */; };
		7DE2F2B41B903B0500F287B7 /* DSNavigationBar.m in Sources */ = {isa = PBXBuildFile; fileRef = 7DE2F2B31B903B0500F287B7 /* DSNavigationBar.m */; };
		7DE2F2B81B903F0200F287B7 /* JHHomeViewController.m in Sources */ = {isa = PBXBuildFile; fileRef = 7DE2F2B71B903F0200F287B7 /* JHHomeViewController.m */; };
		7DE2F2BC1B903F4800F287B7 /* JHReadingViewController.m in Sources */ = {isa = PBXBuildFile; fileRef = 7DE2F2BB1B903F4800F287B7 /* JHReadingViewController.m */; };
		7DE2F2C11B903FA900F287B7 /* JHThingViewController.m in Sources */ = {isa = PBXBuildFile; fileRef = 7DE2F2C01B903FA900F287B7 /* JHThingViewController.m */; };
		7DE2F2C51B9040DE00F287B7 /* JHQuestionViewController.m in Sources */ = {isa = PBXBuildFile; fileRef = 7DE2F2C41B9040DE00F287B7 /* JHQuestionViewController.m */; };
		7DE2F2C81B9040EF00F287B7 /* JHPersonalViewController.m in Sources */ = {isa = PBXBuildFile; fileRef = 7DE2F2C71B9040EF00F287B7 /* JHPersonalViewController.m */; };
		7DE2F2CB1B90417A00F287B7 /* JHNavigationController.m in Sources */ = {isa = PBXBuildFile; fileRef = 7DE2F2CA1B90417A00F287B7 /* JHNavigationController.m */; };
		7DE2F2CE1B90496F00F287B7 /* JHTabBarController.m in Sources */ = {isa = PBXBuildFile; fileRef = 7DE2F2CD1B90496F00F287B7 /* JHTabBarController.m */; };
		7DE2F2D41B906B0E00F287B7 /* JHHomeView.m in Sources */ = {isa = PBXBuildFile; fileRef = 7DE2F2D31B906B0E00F287B7 /* JHHomeView.m */; };
		7DE514881B914B0B00C5C501 /* CircularLoaderView.m in Sources */ = {isa = PBXBuildFile; fileRef = 7DE514851B914B0B00C5C501 /* CircularLoaderView.m */; };
		7DE514891B914B0B00C5C501 /* CustomImageView.m in Sources */ = {isa = PBXBuildFile; fileRef = 7DE514871B914B0B00C5C501 /* CustomImageView.m */; };
		7DE5148C1B915DD600C5C501 /* Century Gothic Bold.TTF in Resources */ = {isa = PBXBuildFile; fileRef = 7DE5148B1B915DD600C5C501 /* Century Gothic Bold.TTF */; };
		7DE87C891B90915D009AB8AB /* JHHttpTool.m in Sources */ = {isa = PBXBuildFile; fileRef = 7DE87C881B90915D009AB8AB /* JHHttpTool.m */; };
		7DE87C8C1B9091AA009AB8AB /* MBProgressHUD+MJ.m in Sources */ = {isa = PBXBuildFile; fileRef = 7DE87C8B1B9091AA009AB8AB /* MBProgressHUD+MJ.m */; };
		7DE87C8F1B909257009AB8AB /* JHBaseTool.m in Sources */ = {isa = PBXBuildFile; fileRef = 7DE87C8E1B909257009AB8AB /* JHBaseTool.m */; };
		7DE87C931B9093EB009AB8AB /* JHHomeInfo.m in Sources */ = {isa = PBXBuildFile; fileRef = 7DE87C921B9093EB009AB8AB /* JHHomeInfo.m */; };
		7DE87C971B90945C009AB8AB /* JHReadingInfo.m in Sources */ = {isa = PBXBuildFile; fileRef = 7DE87C961B90945C009AB8AB /* JHReadingInfo.m */; };
		7DE87C9B1B9094C4009AB8AB /* JHQuestionInfo.m in Sources */ = {isa = PBXBuildFile; fileRef = 7DE87C9A1B9094C4009AB8AB /* JHQuestionInfo.m */; };
		7DE87C9F1B90950A009AB8AB /* JHThingInfo.m in Sources */ = {isa = PBXBuildFile; fileRef = 7DE87C9E1B90950A009AB8AB /* JHThingInfo.m */; };
		7DE87CA21B9095A6009AB8AB /* JHHomeTool.m in Sources */ = {isa = PBXBuildFile; fileRef = 7DE87CA11B9095A6009AB8AB /* JHHomeTool.m */; };
		7DE87CA61B90969D009AB8AB /* JHBaseParam.m in Sources */ = {isa = PBXBuildFile; fileRef = 7DE87CA51B90969D009AB8AB /* JHBaseParam.m */; };
		7DE87CA91B909749009AB8AB /* JHBaseResult.m in Sources */ = {isa = PBXBuildFile; fileRef = 7DE87CA81B909749009AB8AB /* JHBaseResult.m */; };
		7DE87CAC1B90980E009AB8AB /* JHHomeParam.m in Sources */ = {isa = PBXBuildFile; fileRef = 7DE87CAB1B90980E009AB8AB /* JHHomeParam.m */; };
		7DE87CAF1B909823009AB8AB /* JHHomeResult.m in Sources */ = {isa = PBXBuildFile; fileRef = 7DE87CAE1B909823009AB8AB /* JHHomeResult.m */; };
		7DE87CB31B909D54009AB8AB /* JHTimeTool.m in Sources */ = {isa = PBXBuildFile; fileRef = 7DE87CB21B909D54009AB8AB /* JHTimeTool.m */; };
/* End PBXBuildFile section */

/* Begin PBXContainerItemProxy section */
		7DE2F2681B900ED900F287B7 /* PBXContainerItemProxy */ = {
			isa = PBXContainerItemProxy;
			containerPortal = 7DE2F2461B900ED900F287B7 /* Project object */;
			proxyType = 1;
			remoteGlobalIDString = 7DE2F24D1B900ED900F287B7;
			remoteInfo = "mOne-iOS";
		};
/* End PBXContainerItemProxy section */

/* Begin PBXFileReference section */
		633A04CD09C5DAACDC164EF4 /* Pods.release.xcconfig */ = {isa = PBXFileReference; includeInIndex = 1; lastKnownFileType = text.xcconfig; name = Pods.release.xcconfig; path = "Pods/Target Support Files/Pods/Pods.release.xcconfig"; sourceTree = "<group>"; };
		7DE2F24E1B900ED900F287B7 /* mOne-iOS.app */ = {isa = PBXFileReference; explicitFileType = wrapper.application; includeInIndex = 0; path = "mOne-iOS.app"; sourceTree = BUILT_PRODUCTS_DIR; };
		7DE2F2521B900ED900F287B7 /* Info.plist */ = {isa = PBXFileReference; lastKnownFileType = text.plist.xml; path = Info.plist; sourceTree = "<group>"; };
		7DE2F25E1B900ED900F287B7 /* Images.xcassets */ = {isa = PBXFileReference; lastKnownFileType = folder.assetcatalog; path = Images.xcassets; sourceTree = "<group>"; };
		7DE2F2611B900ED900F287B7 /* Base */ = {isa = PBXFileReference; lastKnownFileType = file.xib; name = Base; path = Base.lproj/LaunchScreen.xib; sourceTree = "<group>"; };
		7DE2F2671B900ED900F287B7 /* mOne-iOSTests.xctest */ = {isa = PBXFileReference; explicitFileType = wrapper.cfbundle; includeInIndex = 0; path = "mOne-iOSTests.xctest"; sourceTree = BUILT_PRODUCTS_DIR; };
		7DE2F26C1B900ED900F287B7 /* Info.plist */ = {isa = PBXFileReference; lastKnownFileType = text.plist.xml; path = Info.plist; sourceTree = "<group>"; };
		7DE2F26D1B900ED900F287B7 /* mOne_iOSTests.m */ = {isa = PBXFileReference; lastKnownFileType = sourcecode.c.objc; path = mOne_iOSTests.m; sourceTree = "<group>"; };
		7DE2F28E1B9012E900F287B7 /* AppDelegate.h */ = {isa = PBXFileReference; fileEncoding = 4; lastKnownFileType = sourcecode.c.h; path = AppDelegate.h; sourceTree = "<group>"; };
		7DE2F28F1B9012E900F287B7 /* AppDelegate.m */ = {isa = PBXFileReference; fileEncoding = 4; lastKnownFileType = sourcecode.c.objc; path = AppDelegate.m; sourceTree = "<group>"; };
		7DE2F2901B9012E900F287B7 /* main.m */ = {isa = PBXFileReference; fileEncoding = 4; lastKnownFileType = sourcecode.c.objc; path = main.m; sourceTree = "<group>"; };
		7DE2F2931B90131A00F287B7 /* mPrefixHeader.pch */ = {isa = PBXFileReference; fileEncoding = 4; lastKnownFileType = sourcecode.c.h; path = mPrefixHeader.pch; sourceTree = "<group>"; };
		7DE2F2941B902CE700F287B7 /* AppMacro.h */ = {isa = PBXFileReference; fileEncoding = 4; lastKnownFileType = sourcecode.c.h; path = AppMacro.h; sourceTree = "<group>"; };
		7DE2F2951B902D4600F287B7 /* AppConst.h */ = {isa = PBXFileReference; fileEncoding = 4; lastKnownFileType = sourcecode.c.h; path = AppConst.h; sourceTree = "<group>"; };
		7DE2F2961B902D4600F287B7 /* AppConst.m */ = {isa = PBXFileReference; fileEncoding = 4; lastKnownFileType = sourcecode.c.objc; path = AppConst.m; sourceTree = "<group>"; };
		7DE2F2991B902EBC00F287B7 /* NSString+Extension.h */ = {isa = PBXFileReference; fileEncoding = 4; lastKnownFileType = sourcecode.c.h; path = "NSString+Extension.h"; sourceTree = "<group>"; };
		7DE2F29A1B902EBC00F287B7 /* NSString+Extension.m */ = {isa = PBXFileReference; fileEncoding = 4; lastKnownFileType = sourcecode.c.objc; path = "NSString+Extension.m"; sourceTree = "<group>"; };
		7DE2F29B1B902EBC00F287B7 /* UIBarButtonItem+Extension.h */ = {isa = PBXFileReference; fileEncoding = 4; lastKnownFileType = sourcecode.c.h; path = "UIBarButtonItem+Extension.h"; sourceTree = "<group>"; };
		7DE2F29C1B902EBC00F287B7 /* UIBarButtonItem+Extension.m */ = {isa = PBXFileReference; fileEncoding = 4; lastKnownFileType = sourcecode.c.objc; path = "UIBarButtonItem+Extension.m"; sourceTree = "<group>"; };
		7DE2F2A21B902F8A00F287B7 /* Foundation+Log.m */ = {isa = PBXFileReference; fileEncoding = 4; lastKnownFileType = sourcecode.c.objc; path = "Foundation+Log.m"; sourceTree = "<group>"; };
		7DE2F2A41B902FAA00F287B7 /* NSTimer+EZ_Helper.h */ = {isa = PBXFileReference; fileEncoding = 4; lastKnownFileType = sourcecode.c.h; path = "NSTimer+EZ_Helper.h"; sourceTree = "<group>"; };
		7DE2F2A51B902FAA00F287B7 /* NSTimer+EZ_Helper.m */ = {isa = PBXFileReference; fileEncoding = 4; lastKnownFileType = sourcecode.c.objc; path = "NSTimer+EZ_Helper.m"; sourceTree = "<group>"; };
		7DE2F2A71B90300500F287B7 /* UIView+Extension.h */ = {isa = PBXFileReference; fileEncoding = 4; lastKnownFileType = sourcecode.c.h; path = "UIView+Extension.h"; sourceTree = "<group>"; };
		7DE2F2A81B90300500F287B7 /* UIView+Extension.m */ = {isa = PBXFileReference; fileEncoding = 4; lastKnownFileType = sourcecode.c.objc; path = "UIView+Extension.m"; sourceTree = "<group>"; };
		7DE2F2AB1B9036CB00F287B7 /* JHBaseViewController.h */ = {isa = PBXFileReference; fileEncoding = 4; lastKnownFileType = sourcecode.c.h; path = JHBaseViewController.h; sourceTree = "<group>"; };
		7DE2F2AC1B9036CB00F287B7 /* JHBaseViewController.m */ = {isa = PBXFileReference; fileEncoding = 4; lastKnownFileType = sourcecode.c.objc; path = JHBaseViewController.m; sourceTree = "<group>"; };
		7DE2F2AE1B90376800F287B7 /* UIImage+Extension.h */ = {isa = PBXFileReference; fileEncoding = 4; lastKnownFileType = sourcecode.c.h; path = "UIImage+Extension.h"; sourceTree = "<group>"; };
		7DE2F2AF1B90376800F287B7 /* UIImage+Extension.m */ = {isa = PBXFileReference; fileEncoding = 4; lastKnownFileType = sourcecode.c.objc; path = "UIImage+Extension.m"; sourceTree = "<group>"; };
		7DE2F2B21B903B0500F287B7 /* DSNavigationBar.h */ = {isa = PBXFileReference; fileEncoding = 4; lastKnownFileType = sourcecode.c.h; path = DSNavigationBar.h; sourceTree = "<group>"; };
		7DE2F2B31B903B0500F287B7 /* DSNavigationBar.m */ = {isa = PBXFileReference; fileEncoding = 4; lastKnownFileType = sourcecode.c.objc; path = DSNavigationBar.m; sourceTree = "<group>"; };
		7DE2F2B61B903F0200F287B7 /* JHHomeViewController.h */ = {isa = PBXFileReference; fileEncoding = 4; lastKnownFileType = sourcecode.c.h; path = JHHomeViewController.h; sourceTree = "<group>"; };
		7DE2F2B71B903F0200F287B7 /* JHHomeViewController.m */ = {isa = PBXFileReference; fileEncoding = 4; lastKnownFileType = sourcecode.c.objc; path = JHHomeViewController.m; sourceTree = "<group>"; };
		7DE2F2BA1B903F4800F287B7 /* JHReadingViewController.h */ = {isa = PBXFileReference; fileEncoding = 4; lastKnownFileType = sourcecode.c.h; path = JHReadingViewController.h; sourceTree = "<group>"; };
		7DE2F2BB1B903F4800F287B7 /* JHReadingViewController.m */ = {isa = PBXFileReference; fileEncoding = 4; lastKnownFileType = sourcecode.c.objc; path = JHReadingViewController.m; sourceTree = "<group>"; };
		7DE2F2BF1B903FA900F287B7 /* JHThingViewController.h */ = {isa = PBXFileReference; fileEncoding = 4; lastKnownFileType = sourcecode.c.h; path = JHThingViewController.h; sourceTree = "<group>"; };
		7DE2F2C01B903FA900F287B7 /* JHThingViewController.m */ = {isa = PBXFileReference; fileEncoding = 4; lastKnownFileType = sourcecode.c.objc; path = JHThingViewController.m; sourceTree = "<group>"; };
		7DE2F2C31B9040DE00F287B7 /* JHQuestionViewController.h */ = {isa = PBXFileReference; fileEncoding = 4; lastKnownFileType = sourcecode.c.h; path = JHQuestionViewController.h; sourceTree = "<group>"; };
		7DE2F2C41B9040DE00F287B7 /* JHQuestionViewController.m */ = {isa = PBXFileReference; fileEncoding = 4; lastKnownFileType = sourcecode.c.objc; path = JHQuestionViewController.m; sourceTree = "<group>"; };
		7DE2F2C61B9040EF00F287B7 /* JHPersonalViewController.h */ = {isa = PBXFileReference; fileEncoding = 4; lastKnownFileType = sourcecode.c.h; path = JHPersonalViewController.h; sourceTree = "<group>"; };
		7DE2F2C71B9040EF00F287B7 /* JHPersonalViewController.m */ = {isa = PBXFileReference; fileEncoding = 4; lastKnownFileType = sourcecode.c.objc; path = JHPersonalViewController.m; sourceTree = "<group>"; };
		7DE2F2C91B90417A00F287B7 /* JHNavigationController.h */ = {isa = PBXFileReference; fileEncoding = 4; lastKnownFileType = sourcecode.c.h; path = JHNavigationController.h; sourceTree = "<group>"; };
		7DE2F2CA1B90417A00F287B7 /* JHNavigationController.m */ = {isa = PBXFileReference; fileEncoding = 4; lastKnownFileType = sourcecode.c.objc; path = JHNavigationController.m; sourceTree = "<group>"; };
		7DE2F2CC1B90496F00F287B7 /* JHTabBarController.h */ = {isa = PBXFileReference; fileEncoding = 4; lastKnownFileType = sourcecode.c.h; path = JHTabBarController.h; sourceTree = "<group>"; };
		7DE2F2CD1B90496F00F287B7 /* JHTabBarController.m */ = {isa = PBXFileReference; fileEncoding = 4; lastKnownFileType = sourcecode.c.objc; path = JHTabBarController.m; sourceTree = "<group>"; };
		7DE2F2D21B906B0E00F287B7 /* JHHomeView.h */ = {isa = PBXFileReference; fileEncoding = 4; lastKnownFileType = sourcecode.c.h; path = JHHomeView.h; sourceTree = "<group>"; };
		7DE2F2D31B906B0E00F287B7 /* JHHomeView.m */ = {isa = PBXFileReference; fileEncoding = 4; lastKnownFileType = sourcecode.c.objc; path = JHHomeView.m; sourceTree = "<group>"; };
		7DE514841B914B0B00C5C501 /* CircularLoaderView.h */ = {isa = PBXFileReference; fileEncoding = 4; lastKnownFileType = sourcecode.c.h; path = CircularLoaderView.h; sourceTree = "<group>"; };
		7DE514851B914B0B00C5C501 /* CircularLoaderView.m */ = {isa = PBXFileReference; fileEncoding = 4; lastKnownFileType = sourcecode.c.objc; path = CircularLoaderView.m; sourceTree = "<group>"; };
		7DE514861B914B0B00C5C501 /* CustomImageView.h */ = {isa = PBXFileReference; fileEncoding = 4; lastKnownFileType = sourcecode.c.h; path = CustomImageView.h; sourceTree = "<group>"; };
		7DE514871B914B0B00C5C501 /* CustomImageView.m */ = {isa = PBXFileReference; fileEncoding = 4; lastKnownFileType = sourcecode.c.objc; path = CustomImageView.m; sourceTree = "<group>"; };
		7DE5148B1B915DD600C5C501 /* Century Gothic Bold.TTF */ = {isa = PBXFileReference; lastKnownFileType = file; path = "Century Gothic Bold.TTF"; sourceTree = "<group>"; };
		7DE87C871B90915D009AB8AB /* JHHttpTool.h */ = {isa = PBXFileReference; fileEncoding = 4; lastKnownFileType = sourcecode.c.h; path = JHHttpTool.h; sourceTree = "<group>"; };
		7DE87C881B90915D009AB8AB /* JHHttpTool.m */ = {isa = PBXFileReference; fileEncoding = 4; lastKnownFileType = sourcecode.c.objc; path = JHHttpTool.m; sourceTree = "<group>"; };
		7DE87C8A1B9091AA009AB8AB /* MBProgressHUD+MJ.h */ = {isa = PBXFileReference; fileEncoding = 4; lastKnownFileType = sourcecode.c.h; path = "MBProgressHUD+MJ.h"; sourceTree = "<group>"; };
		7DE87C8B1B9091AA009AB8AB /* MBProgressHUD+MJ.m */ = {isa = PBXFileReference; fileEncoding = 4; lastKnownFileType = sourcecode.c.objc; path = "MBProgressHUD+MJ.m"; sourceTree = "<group>"; };
		7DE87C8D1B909257009AB8AB /* JHBaseTool.h */ = {isa = PBXFileReference; fileEncoding = 4; lastKnownFileType = sourcecode.c.h; path = JHBaseTool.h; sourceTree = "<group>"; };
		7DE87C8E1B909257009AB8AB /* JHBaseTool.m */ = {isa = PBXFileReference; fileEncoding = 4; lastKnownFileType = sourcecode.c.objc; path = JHBaseTool.m; sourceTree = "<group>"; };
		7DE87C911B9093EB009AB8AB /* JHHomeInfo.h */ = {isa = PBXFileReference; fileEncoding = 4; lastKnownFileType = sourcecode.c.h; path = JHHomeInfo.h; sourceTree = "<group>"; };
		7DE87C921B9093EB009AB8AB /* JHHomeInfo.m */ = {isa = PBXFileReference; fileEncoding = 4; lastKnownFileType = sourcecode.c.objc; path = JHHomeInfo.m; sourceTree = "<group>"; };
		7DE87C951B90945C009AB8AB /* JHReadingInfo.h */ = {isa = PBXFileReference; fileEncoding = 4; lastKnownFileType = sourcecode.c.h; path = JHReadingInfo.h; sourceTree = "<group>"; };
		7DE87C961B90945C009AB8AB /* JHReadingInfo.m */ = {isa = PBXFileReference; fileEncoding = 4; lastKnownFileType = sourcecode.c.objc; path = JHReadingInfo.m; sourceTree = "<group>"; };
		7DE87C991B9094C4009AB8AB /* JHQuestionInfo.h */ = {isa = PBXFileReference; fileEncoding = 4; lastKnownFileType = sourcecode.c.h; path = JHQuestionInfo.h; sourceTree = "<group>"; };
		7DE87C9A1B9094C4009AB8AB /* JHQuestionInfo.m */ = {isa = PBXFileReference; fileEncoding = 4; lastKnownFileType = sourcecode.c.objc; path = JHQuestionInfo.m; sourceTree = "<group>"; };
		7DE87C9D1B90950A009AB8AB /* JHThingInfo.h */ = {isa = PBXFileReference; fileEncoding = 4; lastKnownFileType = sourcecode.c.h; path = JHThingInfo.h; sourceTree = "<group>"; };
		7DE87C9E1B90950A009AB8AB /* JHThingInfo.m */ = {isa = PBXFileReference; fileEncoding = 4; lastKnownFileType = sourcecode.c.objc; path = JHThingInfo.m; sourceTree = "<group>"; };
		7DE87CA01B9095A6009AB8AB /* JHHomeTool.h */ = {isa = PBXFileReference; fileEncoding = 4; lastKnownFileType = sourcecode.c.h; path = JHHomeTool.h; sourceTree = "<group>"; };
		7DE87CA11B9095A6009AB8AB /* JHHomeTool.m */ = {isa = PBXFileReference; fileEncoding = 4; lastKnownFileType = sourcecode.c.objc; path = JHHomeTool.m; sourceTree = "<group>"; };
		7DE87CA41B90969D009AB8AB /* JHBaseParam.h */ = {isa = PBXFileReference; fileEncoding = 4; lastKnownFileType = sourcecode.c.h; path = JHBaseParam.h; sourceTree = "<group>"; };
		7DE87CA51B90969D009AB8AB /* JHBaseParam.m */ = {isa = PBXFileReference; fileEncoding = 4; lastKnownFileType = sourcecode.c.objc; path = JHBaseParam.m; sourceTree = "<group>"; };
		7DE87CA71B909749009AB8AB /* JHBaseResult.h */ = {isa = PBXFileReference; fileEncoding = 4; lastKnownFileType = sourcecode.c.h; path = JHBaseResult.h; sourceTree = "<group>"; };
		7DE87CA81B909749009AB8AB /* JHBaseResult.m */ = {isa = PBXFileReference; fileEncoding = 4; lastKnownFileType = sourcecode.c.objc; path = JHBaseResult.m; sourceTree = "<group>"; };
		7DE87CAA1B90980E009AB8AB /* JHHomeParam.h */ = {isa = PBXFileReference; fileEncoding = 4; lastKnownFileType = sourcecode.c.h; path = JHHomeParam.h; sourceTree = "<group>"; };
		7DE87CAB1B90980E009AB8AB /* JHHomeParam.m */ = {isa = PBXFileReference; fileEncoding = 4; lastKnownFileType = sourcecode.c.objc; path = JHHomeParam.m; sourceTree = "<group>"; };
		7DE87CAD1B909823009AB8AB /* JHHomeResult.h */ = {isa = PBXFileReference; fileEncoding = 4; lastKnownFileType = sourcecode.c.h; path = JHHomeResult.h; sourceTree = "<group>"; };
		7DE87CAE1B909823009AB8AB /* JHHomeResult.m */ = {isa = PBXFileReference; fileEncoding = 4; lastKnownFileType = sourcecode.c.objc; path = JHHomeResult.m; sourceTree = "<group>"; };
		7DE87CB11B909D54009AB8AB /* JHTimeTool.h */ = {isa = PBXFileReference; fileEncoding = 4; lastKnownFileType = sourcecode.c.h; path = JHTimeTool.h; sourceTree = "<group>"; };
		7DE87CB21B909D54009AB8AB /* JHTimeTool.m */ = {isa = PBXFileReference; fileEncoding = 4; lastKnownFileType = sourcecode.c.objc; path = JHTimeTool.m; sourceTree = "<group>"; };
		85C5C47FABAF70C194B794C6 /* Pods.debug.xcconfig */ = {isa = PBXFileReference; includeInIndex = 1; lastKnownFileType = text.xcconfig; name = Pods.debug.xcconfig; path = "Pods/Target Support Files/Pods/Pods.debug.xcconfig"; sourceTree = "<group>"; };
		DA07120AD01F4B8ED12E3109 /* libPods.a */ = {isa = PBXFileReference; explicitFileType = archive.ar; includeInIndex = 0; path = libPods.a; sourceTree = BUILT_PRODUCTS_DIR; };
/* End PBXFileReference section */

/* Begin PBXFrameworksBuildPhase section */
		7DE2F24B1B900ED900F287B7 /* Frameworks */ = {
			isa = PBXFrameworksBuildPhase;
			buildActionMask = 2147483647;
			files = (
				102099A8D2C0DA652DCCB877 /* libPods.a in Frameworks */,
			);
			runOnlyForDeploymentPostprocessing = 0;
		};
		7DE2F2641B900ED900F287B7 /* Frameworks */ = {
			isa = PBXFrameworksBuildPhase;
			buildActionMask = 2147483647;
			files = (
			);
			runOnlyForDeploymentPostprocessing = 0;
		};
/* End PBXFrameworksBuildPhase section */

/* Begin PBXGroup section */
		3C2F7FA05DF260496CE580CE /* Pods */ = {
			isa = PBXGroup;
			children = (
				85C5C47FABAF70C194B794C6 /* Pods.debug.xcconfig */,
				633A04CD09C5DAACDC164EF4 /* Pods.release.xcconfig */,
			);
			name = Pods;
			sourceTree = "<group>";
		};
		7DE2F2451B900ED900F287B7 = {
			isa = PBXGroup;
			children = (
				7DE2F2501B900ED900F287B7 /* mOne-iOS */,
				7DE2F26A1B900ED900F287B7 /* mOne-iOSTests */,
				7DE2F24F1B900ED900F287B7 /* Products */,
				3C2F7FA05DF260496CE580CE /* Pods */,
				F6B3A07FBEFD6F393CEF0A41 /* Frameworks */,
			);
			sourceTree = "<group>";
		};
		7DE2F24F1B900ED900F287B7 /* Products */ = {
			isa = PBXGroup;
			children = (
				7DE2F24E1B900ED900F287B7 /* mOne-iOS.app */,
				7DE2F2671B900ED900F287B7 /* mOne-iOSTests.xctest */,
			);
			name = Products;
			sourceTree = "<group>";
		};
		7DE2F2501B900ED900F287B7 /* mOne-iOS */ = {
			isa = PBXGroup;
			children = (
				7DE2F2771B900F5400F287B7 /* Classes */,
				7DE2F25E1B900ED900F287B7 /* Images.xcassets */,
				7DE2F2601B900ED900F287B7 /* LaunchScreen.xib */,
				7DE2F2511B900ED900F287B7 /* Supporting Files */,
			);
			path = "mOne-iOS";
			sourceTree = "<group>";
		};
		7DE2F2511B900ED900F287B7 /* Supporting Files */ = {
			isa = PBXGroup;
			children = (
				7DE2F2521B900ED900F287B7 /* Info.plist */,
			);
			name = "Supporting Files";
			sourceTree = "<group>";
		};
		7DE2F26A1B900ED900F287B7 /* mOne-iOSTests */ = {
			isa = PBXGroup;
			children = (
				7DE2F26D1B900ED900F287B7 /* mOne_iOSTests.m */,
				7DE2F26B1B900ED900F287B7 /* Supporting Files */,
			);
			path = "mOne-iOSTests";
			sourceTree = "<group>";
		};
		7DE2F26B1B900ED900F287B7 /* Supporting Files */ = {
			isa = PBXGroup;
			children = (
				7DE2F26C1B900ED900F287B7 /* Info.plist */,
			);
			name = "Supporting Files";
			sourceTree = "<group>";
		};
		7DE2F2771B900F5400F287B7 /* Classes */ = {
			isa = PBXGroup;
			children = (
				7DE2F27F1B90119300F287B7 /* Expand(拓展) */,
				7DE2F27E1B9010D500F287B7 /* View(自定义视图) */,
				7DE2F27D1B9010B900F287B7 /* Tools(工具) */,
				7DE2F27C1B90109200F287B7 /* Vender(第三方) */,
				7DE2F27B1B90106900F287B7 /* Resource(资源) */,
				7DE2F27A1B90104500F287B7 /* Models(模型) */,
				7DE2F2791B90102200F287B7 /* ViewControllers(控制器) */,
				7DE2F28D1B9012E900F287B7 /* Other(其他) */,
			);
			path = Classes;
			sourceTree = "<group>";
		};
		7DE2F2791B90102200F287B7 /* ViewControllers(控制器) */ = {
			isa = PBXGroup;
			children = (
				7DE2F2AA1B90368300F287B7 /* BaseViewController */,
				7DE2F2B51B903E9000F287B7 /* Home(首页) */,
				7DE2F2B91B903F0C00F287B7 /* Reading(文章) */,
				7DE2F2BD1B903F4D00F287B7 /* Question(问题) */,
				7DE2F2BE1B903F7300F287B7 /* Thing(东西) */,
				7DE2F2C21B903FB900F287B7 /* Personal(个人) */,
			);
			name = "ViewControllers(控制器)";
			path = ViewControllers;
			sourceTree = "<group>";
		};
		7DE2F27A1B90104500F287B7 /* Models(模型) */ = {
			isa = PBXGroup;
			children = (
				7DE87C901B90939B009AB8AB /* Home */,
				7DE87C941B90943E009AB8AB /* Reading */,
				7DE87C981B909498009AB8AB /* Question */,
				7DE87C9C1B9094E9009AB8AB /* Thing */,
				7DE87CA41B90969D009AB8AB /* JHBaseParam.h */,
				7DE87CA51B90969D009AB8AB /* JHBaseParam.m */,
				7DE87CA71B909749009AB8AB /* JHBaseResult.h */,
				7DE87CA81B909749009AB8AB /* JHBaseResult.m */,
			);
			name = "Models(模型)";
			path = Models;
			sourceTree = "<group>";
		};
		7DE2F27B1B90106900F287B7 /* Resource(资源) */ = {
			isa = PBXGroup;
			children = (
				7DE5148A1B915DD600C5C501 /* Fonts */,
			);
			name = "Resource(资源)";
			path = Resource;
			sourceTree = "<group>";
		};
		7DE2F27C1B90109200F287B7 /* Vender(第三方) */ = {
			isa = PBXGroup;
			children = (
				7DE2F2B11B903B0500F287B7 /* DSNavigationBar */,
			);
			name = "Vender(第三方)";
			path = Vender;
			sourceTree = "<group>";
		};
		7DE2F27D1B9010B900F287B7 /* Tools(工具) */ = {
			isa = PBXGroup;
			children = (
				7DE87CB01B909D21009AB8AB /* TimeTool */,
				7DE87C861B90913B009AB8AB /* HttpTool */,
			);
			name = "Tools(工具)";
			path = Tools;
			sourceTree = "<group>";
		};
		7DE2F27E1B9010D500F287B7 /* View(自定义视图) */ = {
			isa = PBXGroup;
			children = (
				7DE2F2D21B906B0E00F287B7 /* JHHomeView.h */,
				7DE2F2D31B906B0E00F287B7 /* JHHomeView.m */,
				7DE514841B914B0B00C5C501 /* CircularLoaderView.h */,
				7DE514851B914B0B00C5C501 /* CircularLoaderView.m */,
				7DE514861B914B0B00C5C501 /* CustomImageView.h */,
				7DE514871B914B0B00C5C501 /* CustomImageView.m */,
			);
			name = "View(自定义视图)";
			path = View;
			sourceTree = "<group>";
		};
		7DE2F27F1B90119300F287B7 /* Expand(拓展) */ = {
			isa = PBXGroup;
			children = (
				7DE2F2981B902E7E00F287B7 /* Category(分类) */,
				7DE2F2811B90122300F287B7 /* Const(常量) */,
				7DE2F2801B9011E900F287B7 /* Macros(宏) */,
			);
			name = "Expand(拓展)";
			path = Expand;
			sourceTree = "<group>";
		};
		7DE2F2801B9011E900F287B7 /* Macros(宏) */ = {
			isa = PBXGroup;
			children = (
				7DE2F2941B902CE700F287B7 /* AppMacro.h */,
			);
			name = "Macros(宏)";
			path = Macros;
			sourceTree = "<group>";
		};
		7DE2F2811B90122300F287B7 /* Const(常量) */ = {
			isa = PBXGroup;
			children = (
				7DE2F2951B902D4600F287B7 /* AppConst.h */,
				7DE2F2961B902D4600F287B7 /* AppConst.m */,
			);
			name = "Const(常量)";
			path = Const;
			sourceTree = "<group>";
		};
		7DE2F28D1B9012E900F287B7 /* Other(其他) */ = {
			isa = PBXGroup;
			children = (
				7DE2F28E1B9012E900F287B7 /* AppDelegate.h */,
				7DE2F28F1B9012E900F287B7 /* AppDelegate.m */,
				7DE2F2901B9012E900F287B7 /* main.m */,
				7DE2F2931B90131A00F287B7 /* mPrefixHeader.pch */,
			);
			name = "Other(其他)";
			path = Other;
			sourceTree = "<group>";
		};
		7DE2F2981B902E7E00F287B7 /* Category(分类) */ = {
			isa = PBXGroup;
			children = (
				7DE2F2991B902EBC00F287B7 /* NSString+Extension.h */,
				7DE2F29A1B902EBC00F287B7 /* NSString+Extension.m */,
				7DE2F29B1B902EBC00F287B7 /* UIBarButtonItem+Extension.h */,
				7DE2F29C1B902EBC00F287B7 /* UIBarButtonItem+Extension.m */,
				7DE2F2A41B902FAA00F287B7 /* NSTimer+EZ_Helper.h */,
				7DE2F2A51B902FAA00F287B7 /* NSTimer+EZ_Helper.m */,
				7DE2F2A71B90300500F287B7 /* UIView+Extension.h */,
				7DE2F2A81B90300500F287B7 /* UIView+Extension.m */,
				7DE2F2A21B902F8A00F287B7 /* Foundation+Log.m */,
				7DE2F2AE1B90376800F287B7 /* UIImage+Extension.h */,
				7DE2F2AF1B90376800F287B7 /* UIImage+Extension.m */,
				7DE87C8A1B9091AA009AB8AB /* MBProgressHUD+MJ.h */,
				7DE87C8B1B9091AA009AB8AB /* MBProgressHUD+MJ.m */,
			);
			name = "Category(分类)";
			path = Category;
			sourceTree = "<group>";
		};
		7DE2F2AA1B90368300F287B7 /* BaseViewController */ = {
			isa = PBXGroup;
			children = (
				7DE2F2C91B90417A00F287B7 /* JHNavigationController.h */,
				7DE2F2CA1B90417A00F287B7 /* JHNavigationController.m */,
				7DE2F2CC1B90496F00F287B7 /* JHTabBarController.h */,
				7DE2F2CD1B90496F00F287B7 /* JHTabBarController.m */,
				7DE2F2AB1B9036CB00F287B7 /* JHBaseViewController.h */,
				7DE2F2AC1B9036CB00F287B7 /* JHBaseViewController.m */,
			);
			path = BaseViewController;
			sourceTree = "<group>";
		};
		7DE2F2B11B903B0500F287B7 /* DSNavigationBar */ = {
			isa = PBXGroup;
			children = (
				7DE2F2B21B903B0500F287B7 /* DSNavigationBar.h */,
				7DE2F2B31B903B0500F287B7 /* DSNavigationBar.m */,
			);
			path = DSNavigationBar;
			sourceTree = "<group>";
		};
		7DE2F2B51B903E9000F287B7 /* Home(首页) */ = {
			isa = PBXGroup;
			children = (
				7DE2F2B61B903F0200F287B7 /* JHHomeViewController.h */,
				7DE2F2B71B903F0200F287B7 /* JHHomeViewController.m */,
			);
			name = "Home(首页)";
			path = Home;
			sourceTree = "<group>";
		};
		7DE2F2B91B903F0C00F287B7 /* Reading(文章) */ = {
			isa = PBXGroup;
			children = (
				7DE2F2BA1B903F4800F287B7 /* JHReadingViewController.h */,
				7DE2F2BB1B903F4800F287B7 /* JHReadingViewController.m */,
			);
			name = "Reading(文章)";
			path = Reading;
			sourceTree = "<group>";
		};
		7DE2F2BD1B903F4D00F287B7 /* Question(问题) */ = {
			isa = PBXGroup;
			children = (
				7DE2F2C31B9040DE00F287B7 /* JHQuestionViewController.h */,
				7DE2F2C41B9040DE00F287B7 /* JHQuestionViewController.m */,
			);
			name = "Question(问题)";
			path = Question;
			sourceTree = "<group>";
		};
		7DE2F2BE1B903F7300F287B7 /* Thing(东西) */ = {
			isa = PBXGroup;
			children = (
				7DE2F2BF1B903FA900F287B7 /* JHThingViewController.h */,
				7DE2F2C01B903FA900F287B7 /* JHThingViewController.m */,
			);
			name = "Thing(东西)";
			path = Thing;
			sourceTree = "<group>";
		};
		7DE2F2C21B903FB900F287B7 /* Personal(个人) */ = {
			isa = PBXGroup;
			children = (
				7DE2F2C61B9040EF00F287B7 /* JHPersonalViewController.h */,
				7DE2F2C71B9040EF00F287B7 /* JHPersonalViewController.m */,
			);
			name = "Personal(个人)";
			path = Personal;
			sourceTree = "<group>";
		};
		7DE5148A1B915DD600C5C501 /* Fonts */ = {
			isa = PBXGroup;
			children = (
				7DE5148B1B915DD600C5C501 /* Century Gothic Bold.TTF */,
			);
			path = Fonts;
			sourceTree = "<group>";
		};
		7DE87C861B90913B009AB8AB /* HttpTool */ = {
			isa = PBXGroup;
			children = (
				7DE87C871B90915D009AB8AB /* JHHttpTool.h */,
				7DE87C881B90915D009AB8AB /* JHHttpTool.m */,
				7DE87C8D1B909257009AB8AB /* JHBaseTool.h */,
				7DE87C8E1B909257009AB8AB /* JHBaseTool.m */,
				7DE87CA01B9095A6009AB8AB /* JHHomeTool.h */,
				7DE87CA11B9095A6009AB8AB /* JHHomeTool.m */,
			);
			path = HttpTool;
			sourceTree = "<group>";
		};
		7DE87C901B90939B009AB8AB /* Home */ = {
			isa = PBXGroup;
			children = (
				7DE87C911B9093EB009AB8AB /* JHHomeInfo.h */,
				7DE87C921B9093EB009AB8AB /* JHHomeInfo.m */,
				7DE87CAA1B90980E009AB8AB /* JHHomeParam.h */,
				7DE87CAB1B90980E009AB8AB /* JHHomeParam.m */,
				7DE87CAD1B909823009AB8AB /* JHHomeResult.h */,
				7DE87CAE1B909823009AB8AB /* JHHomeResult.m */,
			);
			path = Home;
			sourceTree = "<group>";
		};
		7DE87C941B90943E009AB8AB /* Reading */ = {
			isa = PBXGroup;
			children = (
				7DE87C951B90945C009AB8AB /* JHReadingInfo.h */,
				7DE87C961B90945C009AB8AB /* JHReadingInfo.m */,
			);
			path = Reading;
			sourceTree = "<group>";
		};
		7DE87C981B909498009AB8AB /* Question */ = {
			isa = PBXGroup;
			children = (
				7DE87C991B9094C4009AB8AB /* JHQuestionInfo.h */,
				7DE87C9A1B9094C4009AB8AB /* JHQuestionInfo.m */,
			);
			path = Question;
			sourceTree = "<group>";
		};
		7DE87C9C1B9094E9009AB8AB /* Thing */ = {
			isa = PBXGroup;
			children = (
				7DE87C9D1B90950A009AB8AB /* JHThingInfo.h */,
				7DE87C9E1B90950A009AB8AB /* JHThingInfo.m */,
			);
			path = Thing;
			sourceTree = "<group>";
		};
		7DE87CB01B909D21009AB8AB /* TimeTool */ = {
			isa = PBXGroup;
			children = (
				7DE87CB11B909D54009AB8AB /* JHTimeTool.h */,
				7DE87CB21B909D54009AB8AB /* JHTimeTool.m */,
			);
			path = TimeTool;
			sourceTree = "<group>";
		};
		F6B3A07FBEFD6F393CEF0A41 /* Frameworks */ = {
			isa = PBXGroup;
			children = (
				DA07120AD01F4B8ED12E3109 /* libPods.a */,
			);
			name = Frameworks;
			sourceTree = "<group>";
		};
/* End PBXGroup section */

/* Begin PBXNativeTarget section */
		7DE2F24D1B900ED900F287B7 /* mOne-iOS */ = {
			isa = PBXNativeTarget;
			buildConfigurationList = 7DE2F2711B900ED900F287B7 /* Build configuration list for PBXNativeTarget "mOne-iOS" */;
			buildPhases = (
				87166A7A613AF7581410838D /* Check Pods Manifest.lock */,
				7DE2F24A1B900ED900F287B7 /* Sources */,
				7DE2F24B1B900ED900F287B7 /* Frameworks */,
				7DE2F24C1B900ED900F287B7 /* Resources */,
				03110B14C7B3A8EAE0BB1EA5 /* Copy Pods Resources */,
			);
			buildRules = (
			);
			dependencies = (
			);
			name = "mOne-iOS";
			productName = "mOne-iOS";
			productReference = 7DE2F24E1B900ED900F287B7 /* mOne-iOS.app */;
			productType = "com.apple.product-type.application";
		};
		7DE2F2661B900ED900F287B7 /* mOne-iOSTests */ = {
			isa = PBXNativeTarget;
			buildConfigurationList = 7DE2F2741B900ED900F287B7 /* Build configuration list for PBXNativeTarget "mOne-iOSTests" */;
			buildPhases = (
				7DE2F2631B900ED900F287B7 /* Sources */,
				7DE2F2641B900ED900F287B7 /* Frameworks */,
				7DE2F2651B900ED900F287B7 /* Resources */,
			);
			buildRules = (
			);
			dependencies = (
				7DE2F2691B900ED900F287B7 /* PBXTargetDependency */,
			);
			name = "mOne-iOSTests";
			productName = "mOne-iOSTests";
			productReference = 7DE2F2671B900ED900F287B7 /* mOne-iOSTests.xctest */;
			productType = "com.apple.product-type.bundle.unit-test";
		};
/* End PBXNativeTarget section */

/* Begin PBXProject section */
		7DE2F2461B900ED900F287B7 /* Project object */ = {
			isa = PBXProject;
			attributes = {
				CLASSPREFIX = JH;
				LastUpgradeCheck = 0640;
				ORGANIZATIONNAME = piglikeyoung;
				TargetAttributes = {
					7DE2F24D1B900ED900F287B7 = {
						CreatedOnToolsVersion = 6.4;
					};
					7DE2F2661B900ED900F287B7 = {
						CreatedOnToolsVersion = 6.4;
						TestTargetID = 7DE2F24D1B900ED900F287B7;
					};
				};
			};
			buildConfigurationList = 7DE2F2491B900ED900F287B7 /* Build configuration list for PBXProject "mOne-iOS" */;
			compatibilityVersion = "Xcode 3.2";
			developmentRegion = English;
			hasScannedForEncodings = 0;
			knownRegions = (
				en,
				Base,
			);
			mainGroup = 7DE2F2451B900ED900F287B7;
			productRefGroup = 7DE2F24F1B900ED900F287B7 /* Products */;
			projectDirPath = "";
			projectRoot = "";
			targets = (
				7DE2F24D1B900ED900F287B7 /* mOne-iOS */,
				7DE2F2661B900ED900F287B7 /* mOne-iOSTests */,
			);
		};
/* End PBXProject section */

/* Begin PBXResourcesBuildPhase section */
		7DE2F24C1B900ED900F287B7 /* Resources */ = {
			isa = PBXResourcesBuildPhase;
			buildActionMask = 2147483647;
			files = (
				7DE2F2621B900ED900F287B7 /* LaunchScreen.xib in Resources */,
				7DE5148C1B915DD600C5C501 /* Century Gothic Bold.TTF in Resources */,
				7DE2F25F1B900ED900F287B7 /* Images.xcassets in Resources */,
			);
			runOnlyForDeploymentPostprocessing = 0;
		};
		7DE2F2651B900ED900F287B7 /* Resources */ = {
			isa = PBXResourcesBuildPhase;
			buildActionMask = 2147483647;
			files = (
			);
			runOnlyForDeploymentPostprocessing = 0;
		};
/* End PBXResourcesBuildPhase section */

/* Begin PBXShellScriptBuildPhase section */
		03110B14C7B3A8EAE0BB1EA5 /* Copy Pods Resources */ = {
			isa = PBXShellScriptBuildPhase;
			buildActionMask = 2147483647;
			files = (
			);
			inputPaths = (
			);
			name = "Copy Pods Resources";
			outputPaths = (
			);
			runOnlyForDeploymentPostprocessing = 0;
			shellPath = /bin/sh;
			shellScript = "\"${SRCROOT}/Pods/Target Support Files/Pods/Pods-resources.sh\"\n";
			showEnvVarsInLog = 0;
		};
		87166A7A613AF7581410838D /* Check Pods Manifest.lock */ = {
			isa = PBXShellScriptBuildPhase;
			buildActionMask = 2147483647;
			files = (
			);
			inputPaths = (
			);
			name = "Check Pods Manifest.lock";
			outputPaths = (
			);
			runOnlyForDeploymentPostprocessing = 0;
			shellPath = /bin/sh;
			shellScript = "diff \"${PODS_ROOT}/../Podfile.lock\" \"${PODS_ROOT}/Manifest.lock\" > /dev/null\nif [[ $? != 0 ]] ; then\n    cat << EOM\nerror: The sandbox is not in sync with the Podfile.lock. Run 'pod install' or update your CocoaPods installation.\nEOM\n    exit 1\nfi\n";
			showEnvVarsInLog = 0;
		};
/* End PBXShellScriptBuildPhase section */

/* Begin PBXSourcesBuildPhase section */
		7DE2F24A1B900ED900F287B7 /* Sources */ = {
			isa = PBXSourcesBuildPhase;
			buildActionMask = 2147483647;
			files = (
				7DE87CAF1B909823009AB8AB /* JHHomeResult.m in Sources */,
				7DE2F2971B902D4600F287B7 /* AppConst.m in Sources */,
				7DE2F2921B9012E900F287B7 /* main.m in Sources */,
				7DE87CA61B90969D009AB8AB /* JHBaseParam.m in Sources */,
				7DE87C8F1B909257009AB8AB /* JHBaseTool.m in Sources */,
				7DE514881B914B0B00C5C501 /* CircularLoaderView.m in Sources */,
				7DE2F2B41B903B0500F287B7 /* DSNavigationBar.m in Sources */,
				7DE87CB31B909D54009AB8AB /* JHTimeTool.m in Sources */,
				7DE87C891B90915D009AB8AB /* JHHttpTool.m in Sources */,
				7DE2F2911B9012E900F287B7 /* AppDelegate.m in Sources */,
				7DE2F29F1B902EBC00F287B7 /* NSString+Extension.m in Sources */,
				7DE2F2A61B902FAA00F287B7 /* NSTimer+EZ_Helper.m in Sources */,
				7DE2F2C51B9040DE00F287B7 /* JHQuestionViewController.m in Sources */,
				7DE514891B914B0B00C5C501 /* CustomImageView.m in Sources */,
				7DE87CA91B909749009AB8AB /* JHBaseResult.m in Sources */,
				7DE2F2CE1B90496F00F287B7 /* JHTabBarController.m in Sources */,
				7DE2F2B01B90376800F287B7 /* UIImage+Extension.m in Sources */,
				7DE2F2B81B903F0200F287B7 /* JHHomeViewController.m in Sources */,
				7DE87C9F1B90950A009AB8AB /* JHThingInfo.m in Sources */,
				7DE2F2CB1B90417A00F287B7 /* JHNavigationController.m in Sources */,
				7DE87C931B9093EB009AB8AB /* JHHomeInfo.m in Sources */,
				7DE2F2AD1B9036CB00F287B7 /* JHBaseViewController.m in Sources */,
				7DE2F2D41B906B0E00F287B7 /* JHHomeView.m in Sources */,
				7DE87CA21B9095A6009AB8AB /* JHHomeTool.m in Sources */,
				7DE2F2C81B9040EF00F287B7 /* JHPersonalViewController.m in Sources */,
				7DE2F2C11B903FA900F287B7 /* JHThingViewController.m in Sources */,
				7DE87CAC1B90980E009AB8AB /* JHHomeParam.m in Sources */,
				7DE87C971B90945C009AB8AB /* JHReadingInfo.m in Sources */,
				7DE87C9B1B9094C4009AB8AB /* JHQuestionInfo.m in Sources */,
				7DE2F2A01B902EBC00F287B7 /* UIBarButtonItem+Extension.m in Sources */,
				7DE2F2A91B90300500F287B7 /* UIView+Extension.m in Sources */,
				7DE87C8C1B9091AA009AB8AB /* MBProgressHUD+MJ.m in Sources */,
				7DE2F2BC1B903F4800F287B7 /* JHReadingViewController.m in Sources */,
				7DE2F2A31B902F8A00F287B7 /* Foundation+Log.m in Sources */,
			);
			runOnlyForDeploymentPostprocessing = 0;
		};
		7DE2F2631B900ED900F287B7 /* Sources */ = {
			isa = PBXSourcesBuildPhase;
			buildActionMask = 2147483647;
			files = (
				7DE2F26E1B900ED900F287B7 /* mOne_iOSTests.m in Sources */,
			);
			runOnlyForDeploymentPostprocessing = 0;
		};
/* End PBXSourcesBuildPhase section */

/* Begin PBXTargetDependency section */
		7DE2F2691B900ED900F287B7 /* PBXTargetDependency */ = {
			isa = PBXTargetDependency;
			target = 7DE2F24D1B900ED900F287B7 /* mOne-iOS */;
			targetProxy = 7DE2F2681B900ED900F287B7 /* PBXContainerItemProxy */;
		};
/* End PBXTargetDependency section */

/* Begin PBXVariantGroup section */
		7DE2F2601B900ED900F287B7 /* LaunchScreen.xib */ = {
			isa = PBXVariantGroup;
			children = (
				7DE2F2611B900ED900F287B7 /* Base */,
			);
			name = LaunchScreen.xib;
			sourceTree = "<group>";
		};
/* End PBXVariantGroup section */

/* Begin XCBuildConfiguration section */
		7DE2F26F1B900ED900F287B7 /* Debug */ = {
			isa = XCBuildConfiguration;
			buildSettings = {
				ALWAYS_SEARCH_USER_PATHS = NO;
				CLANG_CXX_LANGUAGE_STANDARD = "gnu++0x";
				CLANG_CXX_LIBRARY = "libc++";
				CLANG_ENABLE_MODULES = YES;
				CLANG_ENABLE_OBJC_ARC = YES;
				CLANG_WARN_BOOL_CONVERSION = YES;
				CLANG_WARN_CONSTANT_CONVERSION = YES;
				CLANG_WARN_DIRECT_OBJC_ISA_USAGE = YES_ERROR;
				CLANG_WARN_EMPTY_BODY = YES;
				CLANG_WARN_ENUM_CONVERSION = YES;
				CLANG_WARN_INT_CONVERSION = YES;
				CLANG_WARN_OBJC_ROOT_CLASS = YES_ERROR;
				CLANG_WARN_UNREACHABLE_CODE = YES;
				CLANG_WARN__DUPLICATE_METHOD_MATCH = YES;
				"CODE_SIGN_IDENTITY[sdk=iphoneos*]" = "iPhone Developer";
				COPY_PHASE_STRIP = NO;
				DEBUG_INFORMATION_FORMAT = "dwarf-with-dsym";
				ENABLE_STRICT_OBJC_MSGSEND = YES;
				GCC_C_LANGUAGE_STANDARD = gnu99;
				GCC_DYNAMIC_NO_PIC = NO;
				GCC_NO_COMMON_BLOCKS = YES;
				GCC_OPTIMIZATION_LEVEL = 0;
				GCC_PREPROCESSOR_DEFINITIONS = (
					"DEBUG=1",
					"$(inherited)",
				);
				GCC_SYMBOLS_PRIVATE_EXTERN = NO;
				GCC_WARN_64_TO_32_BIT_CONVERSION = YES;
				GCC_WARN_ABOUT_RETURN_TYPE = YES_ERROR;
				GCC_WARN_UNDECLARED_SELECTOR = YES;
				GCC_WARN_UNINITIALIZED_AUTOS = YES_AGGRESSIVE;
				GCC_WARN_UNUSED_FUNCTION = YES;
				GCC_WARN_UNUSED_VARIABLE = YES;
				IPHONEOS_DEPLOYMENT_TARGET = 8.4;
				MTL_ENABLE_DEBUG_INFO = YES;
				ONLY_ACTIVE_ARCH = YES;
				SDKROOT = iphoneos;
				TARGETED_DEVICE_FAMILY = "1,2";
			};
			name = Debug;
		};
		7DE2F2701B900ED900F287B7 /* Release */ = {
			isa = XCBuildConfiguration;
			buildSettings = {
				ALWAYS_SEARCH_USER_PATHS = NO;
				CLANG_CXX_LANGUAGE_STANDARD = "gnu++0x";
				CLANG_CXX_LIBRARY = "libc++";
				CLANG_ENABLE_MODULES = YES;
				CLANG_ENABLE_OBJC_ARC = YES;
				CLANG_WARN_BOOL_CONVERSION = YES;
				CLANG_WARN_CONSTANT_CONVERSION = YES;
				CLANG_WARN_DIRECT_OBJC_ISA_USAGE = YES_ERROR;
				CLANG_WARN_EMPTY_BODY = YES;
				CLANG_WARN_ENUM_CONVERSION = YES;
				CLANG_WARN_INT_CONVERSION = YES;
				CLANG_WARN_OBJC_ROOT_CLASS = YES_ERROR;
				CLANG_WARN_UNREACHABLE_CODE = YES;
				CLANG_WARN__DUPLICATE_METHOD_MATCH = YES;
				"CODE_SIGN_IDENTITY[sdk=iphoneos*]" = "iPhone Developer";
				COPY_PHASE_STRIP = NO;
				DEBUG_INFORMATION_FORMAT = "dwarf-with-dsym";
				ENABLE_NS_ASSERTIONS = NO;
				ENABLE_STRICT_OBJC_MSGSEND = YES;
				GCC_C_LANGUAGE_STANDARD = gnu99;
				GCC_NO_COMMON_BLOCKS = YES;
				GCC_WARN_64_TO_32_BIT_CONVERSION = YES;
				GCC_WARN_ABOUT_RETURN_TYPE = YES_ERROR;
				GCC_WARN_UNDECLARED_SELECTOR = YES;
				GCC_WARN_UNINITIALIZED_AUTOS = YES_AGGRESSIVE;
				GCC_WARN_UNUSED_FUNCTION = YES;
				GCC_WARN_UNUSED_VARIABLE = YES;
				IPHONEOS_DEPLOYMENT_TARGET = 8.4;
				MTL_ENABLE_DEBUG_INFO = NO;
				SDKROOT = iphoneos;
				TARGETED_DEVICE_FAMILY = "1,2";
				VALIDATE_PRODUCT = YES;
			};
			name = Release;
		};
		7DE2F2721B900ED900F287B7 /* Debug */ = {
			isa = XCBuildConfiguration;
			baseConfigurationReference = 85C5C47FABAF70C194B794C6 /* Pods.debug.xcconfig */;
			buildSettings = {
				ASSETCATALOG_COMPILER_APPICON_NAME = AppIcon;
				ASSETCATALOG_COMPILER_LAUNCHIMAGE_NAME = LaunchImage;
				GCC_PRECOMPILE_PREFIX_HEADER = YES;
				GCC_PREFIX_HEADER = "$(SRCROOT)/mOne-iOS/Classes/Other/mPrefixHeader.pch";
				INFOPLIST_FILE = "mOne-iOS/Info.plist";
				IPHONEOS_DEPLOYMENT_TARGET = 7.0;
				LD_RUNPATH_SEARCH_PATHS = "$(inherited) @executable_path/Frameworks";
				PRODUCT_NAME = "$(TARGET_NAME)";
			};
			name = Debug;
		};
		7DE2F2731B900ED900F287B7 /* Release */ = {
			isa = XCBuildConfiguration;
			baseConfigurationReference = 633A04CD09C5DAACDC164EF4 /* Pods.release.xcconfig */;
			buildSettings = {
				ASSETCATALOG_COMPILER_APPICON_NAME = AppIcon;
				ASSETCATALOG_COMPILER_LAUNCHIMAGE_NAME = LaunchImage;
				GCC_PRECOMPILE_PREFIX_HEADER = YES;
				GCC_PREFIX_HEADER = "$(SRCROOT)/mOne-iOS/Classes/Other/mPrefixHeader.pch";
				INFOPLIST_FILE = "mOne-iOS/Info.plist";
				IPHONEOS_DEPLOYMENT_TARGET = 7.0;
				LD_RUNPATH_SEARCH_PATHS = "$(inherited) @executable_path/Frameworks";
				PRODUCT_NAME = "$(TARGET_NAME)";
			};
			name = Release;
		};
		7DE2F2751B900ED900F287B7 /* Debug */ = {
			isa = XCBuildConfiguration;
			buildSettings = {
				BUNDLE_LOADER = "$(TEST_HOST)";
				FRAMEWORK_SEARCH_PATHS = (
					"$(SDKROOT)/Developer/Library/Frameworks",
					"$(inherited)",
				);
				GCC_PREPROCESSOR_DEFINITIONS = (
					"DEBUG=1",
					"$(inherited)",
				);
				INFOPLIST_FILE = "mOne-iOSTests/Info.plist";
				LD_RUNPATH_SEARCH_PATHS = "$(inherited) @executable_path/Frameworks @loader_path/Frameworks";
				PRODUCT_NAME = "$(TARGET_NAME)";
				TEST_HOST = "$(BUILT_PRODUCTS_DIR)/mOne-iOS.app/mOne-iOS";
			};
			name = Debug;
		};
		7DE2F2761B900ED900F287B7 /* Release */ = {
			isa = XCBuildConfiguration;
			buildSettings = {
				BUNDLE_LOADER = "$(TEST_HOST)";
				FRAMEWORK_SEARCH_PATHS = (
					"$(SDKROOT)/Developer/Library/Frameworks",
					"$(inherited)",
				);
				INFOPLIST_FILE = "mOne-iOSTests/Info.plist";
				LD_RUNPATH_SEARCH_PATHS = "$(inherited) @executable_path/Frameworks @loader_path/Frameworks";
				PRODUCT_NAME = "$(TARGET_NAME)";
				TEST_HOST = "$(BUILT_PRODUCTS_DIR)/mOne-iOS.app/mOne-iOS";
			};
			name = Release;
		};
/* End XCBuildConfiguration section */

/* Begin XCConfigurationList section */
		7DE2F2491B900ED900F287B7 /* Build configuration list for PBXProject "mOne-iOS" */ = {
			isa = XCConfigurationList;
			buildConfigurations = (
				7DE2F26F1B900ED900F287B7 /* Debug */,
				7DE2F2701B900ED900F287B7 /* Release */,
			);
			defaultConfigurationIsVisible = 0;
			defaultConfigurationName = Release;
		};
		7DE2F2711B900ED900F287B7 /* Build configuration list for PBXNativeTarget "mOne-iOS" */ = {
			isa = XCConfigurationList;
			buildConfigurations = (
				7DE2F2721B900ED900F287B7 /* Debug */,
				7DE2F2731B900ED900F287B7 /* Release */,
			);
			defaultConfigurationIsVisible = 0;
			defaultConfigurationName = Release;
		};
		7DE2F2741B900ED900F287B7 /* Build configuration list for PBXNativeTarget "mOne-iOSTests" */ = {
			isa = XCConfigurationList;
			buildConfigurations = (
				7DE2F2751B900ED900F287B7 /* Debug */,
				7DE2F2761B900ED900F287B7 /* Release */,
			);
			defaultConfigurationIsVisible = 0;
			defaultConfigurationName = Release;
		};
/* End XCConfigurationList section */
	};
	rootObject = 7DE2F2461B900ED900F287B7 /* Project object */;
}
